
Microsoft Visual Studio Solution File, Format Version 12.00
# Visual Studio Version 17
VisualStudioVersion = 17.11.35312.102
MinimumVisualStudioVersion = 10.0.40219.1
Project("{2150E333-8FDC-42A3-9474-1A3956D46DE8}") = "Services", "Services", "{0EA866E2-AC91-4A2A-BD89-A58FE12674D1}"
EndProject
Project("{2150E333-8FDC-42A3-9474-1A3956D46DE8}") = "Catalog", "Catalog", "{A5526BEC-88C2-401F-825C-2D0888418CE8}"
EndProject
Project("{9A19103F-16F7-4668-BE54-9A1E7A4F7556}") = "MultiStore.Catalog", "Services\Catalog\MultiStore.Catalog\MultiStore.Catalog.csproj", "{3F1DA2A4-AAAC-4BCE-9448-149F7AAF467B}"
EndProject
Project("{2150E333-8FDC-42A3-9474-1A3956D46DE8}") = "Discount", "Discount", "{DECFA2AE-5E17-4841-BAF1-3C1D7DDD347C}"
EndProject
Project("{FAE04EC0-301F-11D3-BF4B-00C04F79EFBC}") = "MultiStore.Discount", "Services\Discount\MultiStore.Discount\MultiStore.Discount.csproj", "{DF120C7C-15C7-44F3-BA69-4C5B73B10381}"
EndProject
Project("{2150E333-8FDC-42A3-9474-1A3956D46DE8}") = "Order", "Order", "{4165D645-561D-4D04-B74E-A3A01C8AE2B5}"
EndProject
Project("{2150E333-8FDC-42A3-9474-1A3956D46DE8}") = "Core", "Core", "{BE268155-884B-48BB-A4F4-24302A269F38}"
EndProject
Project("{2150E333-8FDC-42A3-9474-1A3956D46DE8}") = "Infrastructure", "Infrastructure", "{11E762A2-340F-4DF2-867E-0194BF53F024}"
EndProject
Project("{2150E333-8FDC-42A3-9474-1A3956D46DE8}") = "Presentation", "Presentation", "{96405794-D3A9-4F8A-92F2-D72ABB5DA7DC}"
EndProject
Project("{FAE04EC0-301F-11D3-BF4B-00C04F79EFBC}") = "MultiShop.Order.Application", "Services\Order\Core\MultiShop.Order.Application\MultiShop.Order.Application.csproj", "{D3103CE0-46F1-4785-8F51-146118D68A67}"
EndProject
Project("{FAE04EC0-301F-11D3-BF4B-00C04F79EFBC}") = "MultiStore.Order.Domain", "Services\Order\Core\MultiStore.Order.Domain\MultiStore.Order.Domain.csproj", "{AECE115E-F1AB-4DF2-85F8-74CD840831C1}"
EndProject
Project("{FAE04EC0-301F-11D3-BF4B-00C04F79EFBC}") = "MultiStore.Order.Persistence", "Services\Order\Infrastructure\MultiStore.Order.Persistence\MultiStore.Order.Persistence.csproj", "{34BEAAE5-2F31-4211-A0F5-2C06C74922D8}"
EndProject
Project("{FAE04EC0-301F-11D3-BF4B-00C04F79EFBC}") = "MultiStore.Order.WebApi", "Services\Order\Presentation\MultiStore.Order.WebApi\MultiStore.Order.WebApi.csproj", "{8AE714C3-F11E-4A5B-B74A-03A7A3CB099A}"
EndProject
Global
	GlobalSection(SolutionConfigurationPlatforms) = preSolution
		Debug|Any CPU = Debug|Any CPU
		Release|Any CPU = Release|Any CPU
	EndGlobalSection
	GlobalSection(ProjectConfigurationPlatforms) = postSolution
		{3F1DA2A4-AAAC-4BCE-9448-149F7AAF467B}.Debug|Any CPU.ActiveCfg = Debug|Any CPU
		{3F1DA2A4-AAAC-4BCE-9448-149F7AAF467B}.Debug|Any CPU.Build.0 = Debug|Any CPU
		{3F1DA2A4-AAAC-4BCE-9448-149F7AAF467B}.Release|Any CPU.ActiveCfg = Release|Any CPU
		{3F1DA2A4-AAAC-4BCE-9448-149F7AAF467B}.Release|Any CPU.Build.0 = Release|Any CPU
		{DF120C7C-15C7-44F3-BA69-4C5B73B10381}.Debug|Any CPU.ActiveCfg = Debug|Any CPU
		{DF120C7C-15C7-44F3-BA69-4C5B73B10381}.Debug|Any CPU.Build.0 = Debug|Any CPU
		{DF120C7C-15C7-44F3-BA69-4C5B73B10381}.Release|Any CPU.ActiveCfg = Release|Any CPU
		{DF120C7C-15C7-44F3-BA69-4C5B73B10381}.Release|Any CPU.Build.0 = Release|Any CPU
		{D3103CE0-46F1-4785-8F51-146118D68A67}.Debug|Any CPU.ActiveCfg = Debug|Any CPU
		{D3103CE0-46F1-4785-8F51-146118D68A67}.Debug|Any CPU.Build.0 = Debug|Any CPU
		{D3103CE0-46F1-4785-8F51-146118D68A67}.Release|Any CPU.ActiveCfg = Release|Any CPU
		{D3103CE0-46F1-4785-8F51-146118D68A67}.Release|Any CPU.Build.0 = Release|Any CPU
		{AECE115E-F1AB-4DF2-85F8-74CD840831C1}.Debug|Any CPU.ActiveCfg = Debug|Any CPU
		{AECE115E-F1AB-4DF2-85F8-74CD840831C1}.Debug|Any CPU.Build.0 = Debug|Any CPU
		{AECE115E-F1AB-4DF2-85F8-74CD840831C1}.Release|Any CPU.ActiveCfg = Release|Any CPU
		{AECE115E-F1AB-4DF2-85F8-74CD840831C1}.Release|Any CPU.Build.0 = Release|Any CPU
		{34BEAAE5-2F31-4211-A0F5-2C06C74922D8}.Debug|Any CPU.ActiveCfg = Debug|Any CPU
		{34BEAAE5-2F31-4211-A0F5-2C06C74922D8}.Debug|Any CPU.Build.0 = Debug|Any CPU
		{34BEAAE5-2F31-4211-A0F5-2C06C74922D8}.Release|Any CPU.ActiveCfg = Release|Any CPU
		{34BEAAE5-2F31-4211-A0F5-2C06C74922D8}.Release|Any CPU.Build.0 = Release|Any CPU
		{8AE714C3-F11E-4A5B-B74A-03A7A3CB099A}.Debug|Any CPU.ActiveCfg = Debug|Any CPU
		{8AE714C3-F11E-4A5B-B74A-03A7A3CB099A}.Debug|Any CPU.Build.0 = Debug|Any CPU
		{8AE714C3-F11E-4A5B-B74A-03A7A3CB099A}.Release|Any CPU.ActiveCfg = Release|Any CPU
		{8AE714C3-F11E-4A5B-B74A-03A7A3CB099A}.Release|Any CPU.Build.0 = Release|Any CPU
	EndGlobalSection
	GlobalSection(SolutionProperties) = preSolution
		HideSolutionNode = FALSE
	EndGlobalSection
	GlobalSection(NestedProjects) = preSolution
		{A5526BEC-88C2-401F-825C-2D0888418CE8} = {0EA866E2-AC91-4A2A-BD89-A58FE12674D1}
		{3F1DA2A4-AAAC-4BCE-9448-149F7AAF467B} = {A5526BEC-88C2-401F-825C-2D0888418CE8}
		{DECFA2AE-5E17-4841-BAF1-3C1D7DDD347C} = {0EA866E2-AC91-4A2A-BD89-A58FE12674D1}
		{DF120C7C-15C7-44F3-BA69-4C5B73B10381} = {DECFA2AE-5E17-4841-BAF1-3C1D7DDD347C}
		{4165D645-561D-4D04-B74E-A3A01C8AE2B5} = {0EA866E2-AC91-4A2A-BD89-A58FE12674D1}
		{BE268155-884B-48BB-A4F4-24302A269F38} = {4165D645-561D-4D04-B74E-A3A01C8AE2B5}
		{11E762A2-340F-4DF2-867E-0194BF53F024} = {4165D645-561D-4D04-B74E-A3A01C8AE2B5}
		{96405794-D3A9-4F8A-92F2-D72ABB5DA7DC} = {4165D645-561D-4D04-B74E-A3A01C8AE2B5}
		{D3103CE0-46F1-4785-8F51-146118D68A67} = {BE268155-884B-48BB-A4F4-24302A269F38}
		{AECE115E-F1AB-4DF2-85F8-74CD840831C1} = {BE268155-884B-48BB-A4F4-24302A269F38}
		{34BEAAE5-2F31-4211-A0F5-2C06C74922D8} = {11E762A2-340F-4DF2-867E-0194BF53F024}
		{8AE714C3-F11E-4A5B-B74A-03A7A3CB099A} = {96405794-D3A9-4F8A-92F2-D72ABB5DA7DC}
	EndGlobalSection
	GlobalSection(ExtensibilityGlobals) = postSolution
		SolutionGuid = {1F84BEC0-2B91-4BA7-8AAE-27AD14D338FD}
	EndGlobalSection
EndGlobal
